
Microsoft Visual Studio Solution File, Format Version 12.00
# Visual Studio 15
VisualStudioVersion = 15.0.27703.2042
MinimumVisualStudioVersion = 10.0.40219.1
Project("{FAE04EC0-301F-11D3-BF4B-00C04F79EFBC}") = "AltTab", "AltTab\AltTab.csproj", "{0A442543-5161-440C-9A0C-33AD9F1ACDA4}"
EndProject
Global
	GlobalSection(SolutionConfigurationPlatforms) = preSolution
		Debug|Any CPU = Debug|Any CPU
		Release|Any CPU = Release|Any CPU
	EndGlobalSection
	GlobalSection(ProjectConfigurationPlatforms) = postSolution
		{0A442543-5161-440C-9A0C-33AD9F1ACDA4}.Debug|Any CPU.ActiveCfg = Debug|Any CPU
		{0A442543-5161-440C-9A0C-33AD9F1ACDA4}.Debug|Any CPU.Build.0 = Debug|Any CPU
		{0A442543-5161-440C-9A0C-33AD9F1ACDA4}.Release|Any CPU.ActiveCfg = Release|Any CPU
		{0A442543-5161-440C-9A0C-33AD9F1ACDA4}.Release|Any CPU.Build.0 = Release|Any CPU
	EndGlobalSection
	GlobalSection(SolutionProperties) = preSolution
		HideSolutionNode = FALSE
	EndGlobalSection
	GlobalSection(ExtensibilityGlobals) = postSolution
		SolutionGuid = {458F414D-6B65-4539-B848-51A591B3FA26}
	EndGlobalSection
EndGlobal
